
Microsoft Visual Studio Solution File, Format Version 12.00
# Visual Studio Version 17
VisualStudioVersion = 17.3.32825.248
MinimumVisualStudioVersion = 10.0.40219.1
Project("{FAE04EC0-301F-11D3-BF4B-00C04F79EFBC}") = "lab 8 (8)", "lab 8 (8)\lab 8 (8).csproj", "{AB9422A2-921E-4AC8-AC61-C3AF28813FAD}"
EndProject
Global
	GlobalSection(SolutionConfigurationPlatforms) = preSolution
		Debug|Any CPU = Debug|Any CPU
		Release|Any CPU = Release|Any CPU
	EndGlobalSection
	GlobalSection(ProjectConfigurationPlatforms) = postSolution
		{AB9422A2-921E-4AC8-AC61-C3AF28813FAD}.Debug|Any CPU.ActiveCfg = Debug|Any CPU
		{AB9422A2-921E-4AC8-AC61-C3AF28813FAD}.Debug|Any CPU.Build.0 = Debug|Any CPU
		{AB9422A2-921E-4AC8-AC61-C3AF28813FAD}.Release|Any CPU.ActiveCfg = Release|Any CPU
		{AB9422A2-921E-4AC8-AC61-C3AF28813FAD}.Release|Any CPU.Build.0 = Release|Any CPU
	EndGlobalSection
	GlobalSection(SolutionProperties) = preSolution
		HideSolutionNode = FALSE
	EndGlobalSection
	GlobalSection(ExtensibilityGlobals) = postSolution
		SolutionGuid = {3FDAE04F-1FE6-4E3F-B4F8-4AA20D86F107}
	EndGlobalSection
EndGlobal
